// !$*UTF8*$!
{
	archiveVersion = 1;
	classes = {
	};
	objectVersion = 45;
	objects = {

/* Begin PBXBuildFile section */
		1D3623260D0F684500981E51 /* AeviouAppDelegate.m in Sources */ = {isa = PBXBuildFile; fileRef = 1D3623250D0F684500981E51 /* AeviouAppDelegate.m */; };
		1D60589B0D05DD56006BFB54 /* main.m in Sources */ = {isa = PBXBuildFile; fileRef = 29B97316FDCFA39411CA2CEA /* main.m */; };
		1D60589F0D05DD5A006BFB54 /* Foundation.framework in Frameworks */ = {isa = PBXBuildFile; fileRef = 1D30AB110D05D00D00671497 /* Foundation.framework */; };
		1DF5F4E00D08C38300B7A737 /* UIKit.framework in Frameworks */ = {isa = PBXBuildFile; fileRef = 1DF5F4DF0D08C38300B7A737 /* UIKit.framework */; };
		288765A50DF7441C002DB57D /* CoreGraphics.framework in Frameworks */ = {isa = PBXBuildFile; fileRef = 288765A40DF7441C002DB57D /* CoreGraphics.framework */; };
		2899E5220DE3E06400AC0155 /* AeviouViewController.xib in Resources */ = {isa = PBXBuildFile; fileRef = 2899E5210DE3E06400AC0155 /* AeviouViewController.xib */; };
		28AD733F0D9D9553002E5188 /* MainWindow.xib in Resources */ = {isa = PBXBuildFile; fileRef = 28AD733E0D9D9553002E5188 /* MainWindow.xib */; };
		28D7ACF80DDB3853001CB0EB /* AeviouViewController.m in Sources */ = {isa = PBXBuildFile; fileRef = 28D7ACF70DDB3853001CB0EB /* AeviouViewController.m */; };
		5875421B11F1397000550D49 /* KeyboardHelper.h in Resources */ = {isa = PBXBuildFile; fileRef = 5875421A11F1397000550D49 /* KeyboardHelper.h */; };
		5875421D11F1398300550D49 /* KeyboardHelper.m in Sources */ = {isa = PBXBuildFile; fileRef = 5875421C11F1398300550D49 /* KeyboardHelper.m */; };
		5875436E11F17D2000550D49 /* PinYinTree.m in Sources */ = {isa = PBXBuildFile; fileRef = 5875436D11F17D2000550D49 /* PinYinTree.m */; };
		58793FC611F092C7002C9F78 /* char-backspace.png in Resources */ = {isa = PBXBuildFile; fileRef = 58793FBB11F092C7002C9F78 /* char-backspace.png */; };
		58793FC711F092C7002C9F78 /* char-cap.png in Resources */ = {isa = PBXBuildFile; fileRef = 58793FBC11F092C7002C9F78 /* char-cap.png */; };
		58793FC811F092C7002C9F78 /* char-del.png in Resources */ = {isa = PBXBuildFile; fileRef = 58793FBD11F092C7002C9F78 /* char-del.png */; };
		58793FC911F092C7002C9F78 /* char-en.png in Resources */ = {isa = PBXBuildFile; fileRef = 58793FBE11F092C7002C9F78 /* char-en.png */; };
		58793FCA11F092C7002C9F78 /* char-enter.png in Resources */ = {isa = PBXBuildFile; fileRef = 58793FBF11F092C7002C9F78 /* char-enter.png */; };
		58793FCB11F092C7002C9F78 /* char-full.png in Resources */ = {isa = PBXBuildFile; fileRef = 58793FC011F092C7002C9F78 /* char-full.png */; };
		58793FCC11F092C7002C9F78 /* char-number.png in Resources */ = {isa = PBXBuildFile; fileRef = 58793FC111F092C7002C9F78 /* char-number.png */; };
		58793FCD11F092C7002C9F78 /* char-setup.png in Resources */ = {isa = PBXBuildFile; fileRef = 58793FC211F092C7002C9F78 /* char-setup.png */; };
		58793FCE11F092C7002C9F78 /* char-shift.png in Resources */ = {isa = PBXBuildFile; fileRef = 58793FC311F092C7002C9F78 /* char-shift.png */; };
		58793FCF11F092C7002C9F78 /* char-special.png in Resources */ = {isa = PBXBuildFile; fileRef = 58793FC411F092C7002C9F78 /* char-special.png */; };
		58793FD011F092C7002C9F78 /* char-tab.png in Resources */ = {isa = PBXBuildFile; fileRef = 58793FC511F092C7002C9F78 /* char-tab.png */; };
		58A13DAF11F008090097B5C7 /* KeyImage.m in Sources */ = {isa = PBXBuildFile; fileRef = 58A13DAE11F008090097B5C7 /* KeyImage.m */; };
		58A13DB211F0086F0097B5C7 /* KeyboardArrangement.m in Sources */ = {isa = PBXBuildFile; fileRef = 58A13DB111F0086F0097B5C7 /* KeyboardArrangement.m */; };
		58A313AF11EDFE7700EC9750 /* DynamicKey.m in Sources */ = {isa = PBXBuildFile; fileRef = 58A313AE11EDFE7700EC9750 /* DynamicKey.m */; };
		58B5D4D611EEF1FD001180C0 /* Keyboard.m in Sources */ = {isa = PBXBuildFile; fileRef = 58B5D4D511EEF1FD001180C0 /* Keyboard.m */; };
		58C8635E11F0503A00022694 /* AeviouView.m in Sources */ = {isa = PBXBuildFile; fileRef = 58C8635D11F0503A00022694 /* AeviouView.m */; };
		58C8638F11F05B8C00022694 /* Key-Next.png in Resources */ = {isa = PBXBuildFile; fileRef = 58C8638A11F05B8C00022694 /* Key-Next.png */; };
		58C8639011F05B8C00022694 /* Key-Normal.png in Resources */ = {isa = PBXBuildFile; fileRef = 58C8638B11F05B8C00022694 /* Key-Normal.png */; };
		58C8639111F05B8C00022694 /* Key-Possible.png in Resources */ = {isa = PBXBuildFile; fileRef = 58C8638C11F05B8C00022694 /* Key-Possible.png */; };
		58C8639211F05B8C00022694 /* Key-Pressed.png in Resources */ = {isa = PBXBuildFile; fileRef = 58C8638D11F05B8C00022694 /* Key-Pressed.png */; };
		58C8639311F05B8C00022694 /* Key-Selected.png in Resources */ = {isa = PBXBuildFile; fileRef = 58C8638E11F05B8C00022694 /* Key-Selected.png */; };
		CF77257911FB47A300514D77 /* AbstractHandler.m in Sources */ = {isa = PBXBuildFile; fileRef = CF77257811FB47A300514D77 /* AbstractHandler.m */; };
		CFA0058A11F72CA600124C38 /* blank-normal.png in Resources */ = {isa = PBXBuildFile; fileRef = CFA0058811F72CA600124C38 /* blank-normal.png */; };
		CFA0058B11F72CA600124C38 /* blank-pressed.png in Resources */ = {isa = PBXBuildFile; fileRef = CFA0058911F72CA600124C38 /* blank-pressed.png */; };
/* End PBXBuildFile section */

/* Begin PBXFileReference section */
		1D30AB110D05D00D00671497 /* Foundation.framework */ = {isa = PBXFileReference; lastKnownFileType = wrapper.framework; name = Foundation.framework; path = System/Library/Frameworks/Foundation.framework; sourceTree = SDKROOT; };
		1D3623240D0F684500981E51 /* AeviouAppDelegate.h */ = {isa = PBXFileReference; fileEncoding = 4; lastKnownFileType = sourcecode.c.h; path = AeviouAppDelegate.h; sourceTree = "<group>"; };
		1D3623250D0F684500981E51 /* AeviouAppDelegate.m */ = {isa = PBXFileReference; fileEncoding = 4; lastKnownFileType = sourcecode.c.objc; path = AeviouAppDelegate.m; sourceTree = "<group>"; };
		1D6058910D05DD3D006BFB54 /* Aeviou.app */ = {isa = PBXFileReference; explicitFileType = wrapper.application; includeInIndex = 0; path = Aeviou.app; sourceTree = BUILT_PRODUCTS_DIR; };
		1DF5F4DF0D08C38300B7A737 /* UIKit.framework */ = {isa = PBXFileReference; lastKnownFileType = wrapper.framework; name = UIKit.framework; path = System/Library/Frameworks/UIKit.framework; sourceTree = SDKROOT; };
		288765A40DF7441C002DB57D /* CoreGraphics.framework */ = {isa = PBXFileReference; lastKnownFileType = wrapper.framework; name = CoreGraphics.framework; path = System/Library/Frameworks/CoreGraphics.framework; sourceTree = SDKROOT; };
		2899E5210DE3E06400AC0155 /* AeviouViewController.xib */ = {isa = PBXFileReference; lastKnownFileType = file.xib; path = AeviouViewController.xib; sourceTree = "<group>"; };
		28AD733E0D9D9553002E5188 /* MainWindow.xib */ = {isa = PBXFileReference; lastKnownFileType = file.xib; path = MainWindow.xib; sourceTree = "<group>"; };
		28D7ACF60DDB3853001CB0EB /* AeviouViewController.h */ = {isa = PBXFileReference; fileEncoding = 4; lastKnownFileType = sourcecode.c.h; path = AeviouViewController.h; sourceTree = "<group>"; };
		28D7ACF70DDB3853001CB0EB /* AeviouViewController.m */ = {isa = PBXFileReference; fileEncoding = 4; lastKnownFileType = sourcecode.c.objc; path = AeviouViewController.m; sourceTree = "<group>"; };
		29B97316FDCFA39411CA2CEA /* main.m */ = {isa = PBXFileReference; fileEncoding = 4; lastKnownFileType = sourcecode.c.objc; path = main.m; sourceTree = "<group>"; };
		32CA4F630368D1EE00C91783 /* Aeviou_Prefix.pch */ = {isa = PBXFileReference; fileEncoding = 4; lastKnownFileType = sourcecode.c.h; path = Aeviou_Prefix.pch; sourceTree = "<group>"; };
		5875421A11F1397000550D49 /* KeyboardHelper.h */ = {isa = PBXFileReference; fileEncoding = 4; lastKnownFileType = sourcecode.c.h; path = KeyboardHelper.h; sourceTree = "<group>"; };
		5875421C11F1398300550D49 /* KeyboardHelper.m */ = {isa = PBXFileReference; fileEncoding = 4; lastKnownFileType = sourcecode.c.objc; path = KeyboardHelper.m; sourceTree = "<group>"; };
		5875436D11F17D2000550D49 /* PinYinTree.m */ = {isa = PBXFileReference; fileEncoding = 4; lastKnownFileType = sourcecode.c.objc; path = PinYinTree.m; sourceTree = "<group>"; };
		5875436F11F17D3500550D49 /* PinYinTree.h */ = {isa = PBXFileReference; fileEncoding = 4; lastKnownFileType = sourcecode.c.h; path = PinYinTree.h; sourceTree = "<group>"; };
		58793FBB11F092C7002C9F78 /* char-backspace.png */ = {isa = PBXFileReference; lastKnownFileType = image.png; name = "char-backspace.png"; path = "images/char-backspace.png"; sourceTree = "<group>"; };
		58793FBC11F092C7002C9F78 /* char-cap.png */ = {isa = PBXFileReference; lastKnownFileType = image.png; name = "char-cap.png"; path = "images/char-cap.png"; sourceTree = "<group>"; };
		58793FBD11F092C7002C9F78 /* char-del.png */ = {isa = PBXFileReference; lastKnownFileType = image.png; name = "char-del.png"; path = "images/char-del.png"; sourceTree = "<group>"; };
		58793FBE11F092C7002C9F78 /* char-en.png */ = {isa = PBXFileReference; lastKnownFileType = image.png; name = "char-en.png"; path = "images/char-en.png"; sourceTree = "<group>"; };
		58793FBF11F092C7002C9F78 /* char-enter.png */ = {isa = PBXFileReference; lastKnownFileType = image.png; name = "char-enter.png"; path = "images/char-enter.png"; sourceTree = "<group>"; };
		58793FC011F092C7002C9F78 /* char-full.png */ = {isa = PBXFileReference; lastKnownFileType = image.png; name = "char-full.png"; path = "images/char-full.png"; sourceTree = "<group>"; };
		58793FC111F092C7002C9F78 /* char-number.png */ = {isa = PBXFileReference; lastKnownFileType = image.png; name = "char-number.png"; path = "images/char-number.png"; sourceTree = "<group>"; };
		58793FC211F092C7002C9F78 /* char-setup.png */ = {isa = PBXFileReference; lastKnownFileType = image.png; name = "char-setup.png"; path = "images/char-setup.png"; sourceTree = "<group>"; };
		58793FC311F092C7002C9F78 /* char-shift.png */ = {isa = PBXFileReference; lastKnownFileType = image.png; name = "char-shift.png"; path = "images/char-shift.png"; sourceTree = "<group>"; };
		58793FC411F092C7002C9F78 /* char-special.png */ = {isa = PBXFileReference; lastKnownFileType = image.png; name = "char-special.png"; path = "images/char-special.png"; sourceTree = "<group>"; };
		58793FC511F092C7002C9F78 /* char-tab.png */ = {isa = PBXFileReference; lastKnownFileType = image.png; name = "char-tab.png"; path = "images/char-tab.png"; sourceTree = "<group>"; };
		58A13DAE11F008090097B5C7 /* KeyImage.m */ = {isa = PBXFileReference; fileEncoding = 4; lastKnownFileType = sourcecode.c.objc; path = KeyImage.m; sourceTree = "<group>"; };
		58A13DB011F008140097B5C7 /* KeyImage.h */ = {isa = PBXFileReference; fileEncoding = 4; lastKnownFileType = sourcecode.c.h; path = KeyImage.h; sourceTree = "<group>"; };
		58A13DB111F0086F0097B5C7 /* KeyboardArrangement.m */ = {isa = PBXFileReference; fileEncoding = 4; lastKnownFileType = sourcecode.c.objc; path = KeyboardArrangement.m; sourceTree = "<group>"; };
		58A13DB311F0087B0097B5C7 /* KeyboardArrangement.h */ = {isa = PBXFileReference; fileEncoding = 4; lastKnownFileType = sourcecode.c.h; path = KeyboardArrangement.h; sourceTree = "<group>"; };
		58A313AC11EDFDE800EC9750 /* Constants.h */ = {isa = PBXFileReference; fileEncoding = 4; lastKnownFileType = sourcecode.c.h; path = Constants.h; sourceTree = "<group>"; };
		58A313AD11EDFE6800EC9750 /* DynamicKey.h */ = {isa = PBXFileReference; fileEncoding = 4; lastKnownFileType = sourcecode.c.h; path = DynamicKey.h; sourceTree = "<group>"; };
		58A313AE11EDFE7700EC9750 /* DynamicKey.m */ = {isa = PBXFileReference; fileEncoding = 4; lastKnownFileType = sourcecode.c.objc; path = DynamicKey.m; sourceTree = "<group>"; };
		58B5D4D511EEF1FD001180C0 /* Keyboard.m */ = {isa = PBXFileReference; fileEncoding = 4; lastKnownFileType = sourcecode.c.objc; path = Keyboard.m; sourceTree = "<group>"; };
		58B5D4D711EEF207001180C0 /* Keyboard.h */ = {isa = PBXFileReference; fileEncoding = 4; lastKnownFileType = sourcecode.c.h; path = Keyboard.h; sourceTree = "<group>"; };
		58C8635C11F0503A00022694 /* AeviouView.h */ = {isa = PBXFileReference; fileEncoding = 4; lastKnownFileType = sourcecode.c.h; path = AeviouView.h; sourceTree = "<group>"; };
		58C8635D11F0503A00022694 /* AeviouView.m */ = {isa = PBXFileReference; fileEncoding = 4; lastKnownFileType = sourcecode.c.objc; path = AeviouView.m; sourceTree = "<group>"; };
		58C8638A11F05B8C00022694 /* Key-Next.png */ = {isa = PBXFileReference; lastKnownFileType = image.png; name = "Key-Next.png"; path = "images/Key-Next.png"; sourceTree = "<group>"; };
		58C8638B11F05B8C00022694 /* Key-Normal.png */ = {isa = PBXFileReference; lastKnownFileType = image.png; name = "Key-Normal.png"; path = "images/Key-Normal.png"; sourceTree = "<group>"; };
		58C8638C11F05B8C00022694 /* Key-Possible.png */ = {isa = PBXFileReference; lastKnownFileType = image.png; name = "Key-Possible.png"; path = "images/Key-Possible.png"; sourceTree = "<group>"; };
		58C8638D11F05B8C00022694 /* Key-Pressed.png */ = {isa = PBXFileReference; lastKnownFileType = image.png; name = "Key-Pressed.png"; path = "images/Key-Pressed.png"; sourceTree = "<group>"; };
		58C8638E11F05B8C00022694 /* Key-Selected.png */ = {isa = PBXFileReference; lastKnownFileType = image.png; name = "Key-Selected.png"; path = "images/Key-Selected.png"; sourceTree = "<group>"; };
		8D1107310486CEB800E47090 /* Aeviou-Info.plist */ = {isa = PBXFileReference; fileEncoding = 4; lastKnownFileType = text.plist.xml; path = "Aeviou-Info.plist"; plistStructureDefinitionIdentifier = "com.apple.xcode.plist.structure-definition.iphone.info-plist"; sourceTree = "<group>"; };
		CF77257711FB47A300514D77 /* AbstractHandler.h */ = {isa = PBXFileReference; fileEncoding = 4; lastKnownFileType = sourcecode.c.h; name = AbstractHandler.h; path = StatusHandlers/AbstractHandler.h; sourceTree = "<group>"; };
		CF77257811FB47A300514D77 /* AbstractHandler.m */ = {isa = PBXFileReference; fileEncoding = 4; lastKnownFileType = sourcecode.c.objc; name = AbstractHandler.m; path = StatusHandlers/AbstractHandler.m; sourceTree = "<group>"; };
		CFA0058811F72CA600124C38 /* blank-normal.png */ = {isa = PBXFileReference; lastKnownFileType = image.png; name = "blank-normal.png"; path = "images/blank-normal.png"; sourceTree = "<group>"; };
		CFA0058911F72CA600124C38 /* blank-pressed.png */ = {isa = PBXFileReference; lastKnownFileType = image.png; name = "blank-pressed.png"; path = "images/blank-pressed.png"; sourceTree = "<group>"; };
/* End PBXFileReference section */

/* Begin PBXFrameworksBuildPhase section */
		1D60588F0D05DD3D006BFB54 /* Frameworks */ = {
			isa = PBXFrameworksBuildPhase;
			buildActionMask = 2147483647;
			files = (
				1D60589F0D05DD5A006BFB54 /* Foundation.framework in Frameworks */,
				1DF5F4E00D08C38300B7A737 /* UIKit.framework in Frameworks */,
				288765A50DF7441C002DB57D /* CoreGraphics.framework in Frameworks */,
			);
			runOnlyForDeploymentPostprocessing = 0;
		};
/* End PBXFrameworksBuildPhase section */

/* Begin PBXGroup section */
		080E96DDFE201D6D7F000001 /* Classes */ = {
			isa = PBXGroup;
			children = (
				CF77257A11FB47B400514D77 /* StatusHandlers */,
				1D3623240D0F684500981E51 /* AeviouAppDelegate.h */,
				1D3623250D0F684500981E51 /* AeviouAppDelegate.m */,
				28D7ACF60DDB3853001CB0EB /* AeviouViewController.h */,
				28D7ACF70DDB3853001CB0EB /* AeviouViewController.m */,
				58C8635C11F0503A00022694 /* AeviouView.h */,
				58C8635D11F0503A00022694 /* AeviouView.m */,
				58A313AC11EDFDE800EC9750 /* Constants.h */,
				58A313AD11EDFE6800EC9750 /* DynamicKey.h */,
				58A313AE11EDFE7700EC9750 /* DynamicKey.m */,
				58B5D4D711EEF207001180C0 /* Keyboard.h */,
				58B5D4D511EEF1FD001180C0 /* Keyboard.m */,
				58A13DB011F008140097B5C7 /* KeyImage.h */,
				58A13DAE11F008090097B5C7 /* KeyImage.m */,
				58A13DB311F0087B0097B5C7 /* KeyboardArrangement.h */,
				58A13DB111F0086F0097B5C7 /* KeyboardArrangement.m */,
				5875421A11F1397000550D49 /* KeyboardHelper.h */,
				5875421C11F1398300550D49 /* KeyboardHelper.m */,
				5875436F11F17D3500550D49 /* PinYinTree.h */,
				5875436D11F17D2000550D49 /* PinYinTree.m */,
			);
			path = Classes;
			sourceTree = "<group>";
		};
		19C28FACFE9D520D11CA2CBB /* Products */ = {
			isa = PBXGroup;
			children = (
				1D6058910D05DD3D006BFB54 /* Aeviou.app */,
			);
			name = Products;
			sourceTree = "<group>";
		};
		29B97314FDCFA39411CA2CEA /* CustomTemplate */ = {
			isa = PBXGroup;
			children = (
				080E96DDFE201D6D7F000001 /* Classes */,
				29B97315FDCFA39411CA2CEA /* Other Sources */,
				29B97317FDCFA39411CA2CEA /* Resources */,
				29B97323FDCFA39411CA2CEA /* Frameworks */,
				19C28FACFE9D520D11CA2CBB /* Products */,
			);
			name = CustomTemplate;
			sourceTree = "<group>";
		};
		29B97315FDCFA39411CA2CEA /* Other Sources */ = {
			isa = PBXGroup;
			children = (
				32CA4F630368D1EE00C91783 /* Aeviou_Prefix.pch */,
				29B97316FDCFA39411CA2CEA /* main.m */,
			);
			name = "Other Sources";
			sourceTree = "<group>";
		};
		29B97317FDCFA39411CA2CEA /* Resources */ = {
			isa = PBXGroup;
			children = (
				CFA0058811F72CA600124C38 /* blank-normal.png */,
				CFA0058911F72CA600124C38 /* blank-pressed.png */,
				58793FBB11F092C7002C9F78 /* char-backspace.png */,
				58793FBC11F092C7002C9F78 /* char-cap.png */,
				58793FBD11F092C7002C9F78 /* char-del.png */,
				58793FBE11F092C7002C9F78 /* char-en.png */,
				58793FBF11F092C7002C9F78 /* char-enter.png */,
				58793FC011F092C7002C9F78 /* char-full.png */,
				58793FC111F092C7002C9F78 /* char-number.png */,
				58793FC211F092C7002C9F78 /* char-setup.png */,
				58793FC311F092C7002C9F78 /* char-shift.png */,
				58793FC411F092C7002C9F78 /* char-special.png */,
				58793FC511F092C7002C9F78 /* char-tab.png */,
				58C8638A11F05B8C00022694 /* Key-Next.png */,
				58C8638B11F05B8C00022694 /* Key-Normal.png */,
				58C8638C11F05B8C00022694 /* Key-Possible.png */,
				58C8638D11F05B8C00022694 /* Key-Pressed.png */,
				58C8638E11F05B8C00022694 /* Key-Selected.png */,
				2899E5210DE3E06400AC0155 /* AeviouViewController.xib */,
				28AD733E0D9D9553002E5188 /* MainWindow.xib */,
				8D1107310486CEB800E47090 /* Aeviou-Info.plist */,
			);
			name = Resources;
			sourceTree = "<group>";
		};
		29B97323FDCFA39411CA2CEA /* Frameworks */ = {
			isa = PBXGroup;
			children = (
				1DF5F4DF0D08C38300B7A737 /* UIKit.framework */,
				1D30AB110D05D00D00671497 /* Foundation.framework */,
				288765A40DF7441C002DB57D /* CoreGraphics.framework */,
			);
			name = Frameworks;
			sourceTree = "<group>";
		};
		CF77257A11FB47B400514D77 /* StatusHandlers */ = {
			isa = PBXGroup;
			children = (
				CF77257711FB47A300514D77 /* AbstractHandler.h */,
				CF77257811FB47A300514D77 /* AbstractHandler.m */,
			);
			name = StatusHandlers;
			sourceTree = "<group>";
		};
/* End PBXGroup section */

/* Begin PBXNativeTarget section */
		1D6058900D05DD3D006BFB54 /* Aeviou */ = {
			isa = PBXNativeTarget;
			buildConfigurationList = 1D6058960D05DD3E006BFB54 /* Build configuration list for PBXNativeTarget "Aeviou" */;
			buildPhases = (
				1D60588D0D05DD3D006BFB54 /* Resources */,
				1D60588E0D05DD3D006BFB54 /* Sources */,
				1D60588F0D05DD3D006BFB54 /* Frameworks */,
			);
			buildRules = (
			);
			dependencies = (
			);
			name = Aeviou;
			productName = Aeviou;
			productReference = 1D6058910D05DD3D006BFB54 /* Aeviou.app */;
			productType = "com.apple.product-type.application";
		};
/* End PBXNativeTarget section */

/* Begin PBXProject section */
		29B97313FDCFA39411CA2CEA /* Project object */ = {
			isa = PBXProject;
			buildConfigurationList = C01FCF4E08A954540054247B /* Build configuration list for PBXProject "Aeviou" */;
			compatibilityVersion = "Xcode 3.1";
			hasScannedForEncodings = 1;
			mainGroup = 29B97314FDCFA39411CA2CEA /* CustomTemplate */;
			projectDirPath = "";
			projectRoot = "";
			targets = (
				1D6058900D05DD3D006BFB54 /* Aeviou */,
			);
		};
/* End PBXProject section */

/* Begin PBXResourcesBuildPhase section */
		1D60588D0D05DD3D006BFB54 /* Resources */ = {
			isa = PBXResourcesBuildPhase;
			buildActionMask = 2147483647;
			files = (
				28AD733F0D9D9553002E5188 /* MainWindow.xib in Resources */,
				2899E5220DE3E06400AC0155 /* AeviouViewController.xib in Resources */,
				58C8638F11F05B8C00022694 /* Key-Next.png in Resources */,
				58C8639011F05B8C00022694 /* Key-Normal.png in Resources */,
				58C8639111F05B8C00022694 /* Key-Possible.png in Resources */,
				58C8639211F05B8C00022694 /* Key-Pressed.png in Resources */,
				58C8639311F05B8C00022694 /* Key-Selected.png in Resources */,
				58793FC611F092C7002C9F78 /* char-backspace.png in Resources */,
				58793FC711F092C7002C9F78 /* char-cap.png in Resources */,
				58793FC811F092C7002C9F78 /* char-del.png in Resources */,
				58793FC911F092C7002C9F78 /* char-en.png in Resources */,
				58793FCA11F092C7002C9F78 /* char-enter.png in Resources */,
				58793FCB11F092C7002C9F78 /* char-full.png in Resources */,
				58793FCC11F092C7002C9F78 /* char-number.png in Resources */,
				58793FCD11F092C7002C9F78 /* char-setup.png in Resources */,
				58793FCE11F092C7002C9F78 /* char-shift.png in Resources */,
				58793FCF11F092C7002C9F78 /* char-special.png in Resources */,
				58793FD011F092C7002C9F78 /* char-tab.png in Resources */,
				5875421B11F1397000550D49 /* KeyboardHelper.h in Resources */,
				CFA0058A11F72CA600124C38 /* blank-normal.png in Resources */,
				CFA0058B11F72CA600124C38 /* blank-pressed.png in Resources */,
			);
			runOnlyForDeploymentPostprocessing = 0;
		};
/* End PBXResourcesBuildPhase section */

/* Begin PBXSourcesBuildPhase section */
		1D60588E0D05DD3D006BFB54 /* Sources */ = {
			isa = PBXSourcesBuildPhase;
			buildActionMask = 2147483647;
			files = (
				1D60589B0D05DD56006BFB54 /* main.m in Sources */,
				1D3623260D0F684500981E51 /* AeviouAppDelegate.m in Sources */,
				28D7ACF80DDB3853001CB0EB /* AeviouViewController.m in Sources */,
				58A313AF11EDFE7700EC9750 /* DynamicKey.m in Sources */,
				58B5D4D611EEF1FD001180C0 /* Keyboard.m in Sources */,
				58A13DAF11F008090097B5C7 /* KeyImage.m in Sources */,
				58A13DB211F0086F0097B5C7 /* KeyboardArrangement.m in Sources */,
				58C8635E11F0503A00022694 /* AeviouView.m in Sources */,
				5875421D11F1398300550D49 /* KeyboardHelper.m in Sources */,
				5875436E11F17D2000550D49 /* PinYinTree.m in Sources */,
				CF77257911FB47A300514D77 /* AbstractHandler.m in Sources */,
			);
			runOnlyForDeploymentPostprocessing = 0;
		};
/* End PBXSourcesBuildPhase section */

/* Begin XCBuildConfiguration section */
		1D6058940D05DD3E006BFB54 /* Debug */ = {
			isa = XCBuildConfiguration;
			buildSettings = {
				ALWAYS_SEARCH_USER_PATHS = NO;
				COPY_PHASE_STRIP = NO;
				GCC_DYNAMIC_NO_PIC = NO;
				GCC_OPTIMIZATION_LEVEL = 0;
				GCC_PRECOMPILE_PREFIX_HEADER = YES;
				GCC_PREFIX_HEADER = Aeviou_Prefix.pch;
				INFOPLIST_FILE = "Aeviou-Info.plist";
				PRODUCT_NAME = Aeviou;
			};
			name = Debug;
		};
		1D6058950D05DD3E006BFB54 /* Release */ = {
			isa = XCBuildConfiguration;
			buildSettings = {
				ALWAYS_SEARCH_USER_PATHS = NO;
				COPY_PHASE_STRIP = YES;
				GCC_PRECOMPILE_PREFIX_HEADER = YES;
				GCC_PREFIX_HEADER = Aeviou_Prefix.pch;
				INFOPLIST_FILE = "Aeviou-Info.plist";
				PRODUCT_NAME = Aeviou;
				VALIDATE_PRODUCT = YES;
			};
			name = Release;
		};
		C01FCF4F08A954540054247B /* Debug */ = {
			isa = XCBuildConfiguration;
			buildSettings = {
				ARCHS = "$(ARCHS_UNIVERSAL_IPHONE_OS)";
				"CODE_SIGN_IDENTITY[sdk=iphoneos*]" = "iPhone Developer";
				GCC_C_LANGUAGE_STANDARD = c99;
				GCC_WARN_ABOUT_RETURN_TYPE = YES;
				GCC_WARN_UNUSED_VARIABLE = YES;
				PREBINDING = NO;
				SDKROOT = iphoneos3.2;
				TARGETED_DEVICE_FAMILY = 2;
			};
			name = Debug;
		};
		C01FCF5008A954540054247B /* Release */ = {
			isa = XCBuildConfiguration;
			buildSettings = {
				ARCHS = "$(ARCHS_UNIVERSAL_IPHONE_OS)";
				"CODE_SIGN_IDENTITY[sdk=iphoneos*]" = "iPhone Developer";
				GCC_C_LANGUAGE_STANDARD = c99;
				GCC_WARN_ABOUT_RETURN_TYPE = YES;
				GCC_WARN_UNUSED_VARIABLE = YES;
				OTHER_CFLAGS = "-DNS_BLOCK_ASSERTIONS=1";
				PREBINDING = NO;
				SDKROOT = iphoneos3.2;
				TARGETED_DEVICE_FAMILY = 2;
			};
			name = Release;
		};
/* End XCBuildConfiguration section */

/* Begin XCConfigurationList section */
		1D6058960D05DD3E006BFB54 /* Build configuration list for PBXNativeTarget "Aeviou" */ = {
			isa = XCConfigurationList;
			buildConfigurations = (
				1D6058940D05DD3E006BFB54 /* Debug */,
				1D6058950D05DD3E006BFB54 /* Release */,
			);
			defaultConfigurationIsVisible = 0;
			defaultConfigurationName = Release;
		};
		C01FCF4E08A954540054247B /* Build configuration list for PBXProject "Aeviou" */ = {
			isa = XCConfigurationList;
			buildConfigurations = (
				C01FCF4F08A954540054247B /* Debug */,
				C01FCF5008A954540054247B /* Release */,
			);
			defaultConfigurationIsVisible = 0;
			defaultConfigurationName = Release;
		};
/* End XCConfigurationList section */
	};
	rootObject = 29B97313FDCFA39411CA2CEA /* Project object */;
}
